
Microsoft Visual Studio Solution File, Format Version 12.00
# Visual Studio Version 17
VisualStudioVersion = 17.5.33502.453
MinimumVisualStudioVersion = 10.0.40219.1
Project("{9A19103F-16F7-4668-BE54-9A1E7A4F7556}") = "View", "View.csproj", "{449AA781-A663-4980-A48F-E5DC6745539C}"
	ProjectSection(ProjectDependencies) = postProject
		{2D3A9E9B-0D7A-4AA3-A5CE-C487DE112630} = {2D3A9E9B-0D7A-4AA3-A5CE-C487DE112630}
	EndProjectSection
EndProject
Project("{9A19103F-16F7-4668-BE54-9A1E7A4F7556}") = "TPWTests", "..\TPWTests\TPWTests.csproj", "{2D3A9E9B-0D7A-4AA3-A5CE-C487DE112630}"
EndProject
Project("{2150E333-8FDC-42A3-9474-1A3956D46DE8}") = "Presentation", "Presentation", "{5F937259-435E-4F79-9845-1B4A8A3C1D1A}"
EndProject
Project("{9A19103F-16F7-4668-BE54-9A1E7A4F7556}") = "Model", "..\Model\Model.csproj", "{EE71941B-9D16-4605-92F3-BF372F1E85BD}"
EndProject
Project("{9A19103F-16F7-4668-BE54-9A1E7A4F7556}") = "ViewModel", "..\ViewModel\ViewModel.csproj", "{C561FA87-85A4-475E-AB08-9BFDAAB8FF2F}"
EndProject
Project("{9A19103F-16F7-4668-BE54-9A1E7A4F7556}") = "Data", "..\Data\Data.csproj", "{0FB3964A-26CC-468E-B577-419757575967}"
EndProject
Project("{9A19103F-16F7-4668-BE54-9A1E7A4F7556}") = "Logic", "..\Logic\Logic.csproj", "{8DE0F17E-62E6-4276-9180-740629FBBEE1}"
EndProject
Project("{FAE04EC0-301F-11D3-BF4B-00C04F79EFBC}") = "DataTests", "..\DataTests\DataTests.csproj", "{88C6B620-6718-4D1D-876B-6BBC415EA975}"
EndProject
Project("{FAE04EC0-301F-11D3-BF4B-00C04F79EFBC}") = "ModelTests", "..\ModelTests\ModelTests.csproj", "{C6926D76-4600-4505-BF9A-EFD3049A39E0}"
EndProject
Global
	GlobalSection(SolutionConfigurationPlatforms) = preSolution
		Debug|Any CPU = Debug|Any CPU
		Release|Any CPU = Release|Any CPU
	EndGlobalSection
	GlobalSection(ProjectConfigurationPlatforms) = postSolution
		{449AA781-A663-4980-A48F-E5DC6745539C}.Debug|Any CPU.ActiveCfg = Debug|Any CPU
		{449AA781-A663-4980-A48F-E5DC6745539C}.Debug|Any CPU.Build.0 = Debug|Any CPU
		{449AA781-A663-4980-A48F-E5DC6745539C}.Release|Any CPU.ActiveCfg = Release|Any CPU
		{449AA781-A663-4980-A48F-E5DC6745539C}.Release|Any CPU.Build.0 = Release|Any CPU
		{2D3A9E9B-0D7A-4AA3-A5CE-C487DE112630}.Debug|Any CPU.ActiveCfg = Debug|Any CPU
		{2D3A9E9B-0D7A-4AA3-A5CE-C487DE112630}.Debug|Any CPU.Build.0 = Debug|Any CPU
		{2D3A9E9B-0D7A-4AA3-A5CE-C487DE112630}.Release|Any CPU.ActiveCfg = Release|Any CPU
		{2D3A9E9B-0D7A-4AA3-A5CE-C487DE112630}.Release|Any CPU.Build.0 = Release|Any CPU
		{EE71941B-9D16-4605-92F3-BF372F1E85BD}.Debug|Any CPU.ActiveCfg = Debug|Any CPU
		{EE71941B-9D16-4605-92F3-BF372F1E85BD}.Debug|Any CPU.Build.0 = Debug|Any CPU
		{EE71941B-9D16-4605-92F3-BF372F1E85BD}.Release|Any CPU.ActiveCfg = Release|Any CPU
		{EE71941B-9D16-4605-92F3-BF372F1E85BD}.Release|Any CPU.Build.0 = Release|Any CPU
		{C561FA87-85A4-475E-AB08-9BFDAAB8FF2F}.Debug|Any CPU.ActiveCfg = Debug|Any CPU
		{C561FA87-85A4-475E-AB08-9BFDAAB8FF2F}.Debug|Any CPU.Build.0 = Debug|Any CPU
		{C561FA87-85A4-475E-AB08-9BFDAAB8FF2F}.Release|Any CPU.ActiveCfg = Release|Any CPU
		{C561FA87-85A4-475E-AB08-9BFDAAB8FF2F}.Release|Any CPU.Build.0 = Release|Any CPU
		{0FB3964A-26CC-468E-B577-419757575967}.Debug|Any CPU.ActiveCfg = Debug|Any CPU
		{0FB3964A-26CC-468E-B577-419757575967}.Debug|Any CPU.Build.0 = Debug|Any CPU
		{0FB3964A-26CC-468E-B577-419757575967}.Release|Any CPU.ActiveCfg = Release|Any CPU
		{0FB3964A-26CC-468E-B577-419757575967}.Release|Any CPU.Build.0 = Release|Any CPU
		{8DE0F17E-62E6-4276-9180-740629FBBEE1}.Debug|Any CPU.ActiveCfg = Debug|Any CPU
		{8DE0F17E-62E6-4276-9180-740629FBBEE1}.Debug|Any CPU.Build.0 = Debug|Any CPU
		{8DE0F17E-62E6-4276-9180-740629FBBEE1}.Release|Any CPU.ActiveCfg = Release|Any CPU
		{8DE0F17E-62E6-4276-9180-740629FBBEE1}.Release|Any CPU.Build.0 = Release|Any CPU
		{88C6B620-6718-4D1D-876B-6BBC415EA975}.Debug|Any CPU.ActiveCfg = Debug|Any CPU
		{88C6B620-6718-4D1D-876B-6BBC415EA975}.Debug|Any CPU.Build.0 = Debug|Any CPU
		{88C6B620-6718-4D1D-876B-6BBC415EA975}.Release|Any CPU.ActiveCfg = Release|Any CPU
		{88C6B620-6718-4D1D-876B-6BBC415EA975}.Release|Any CPU.Build.0 = Release|Any CPU
		{C6926D76-4600-4505-BF9A-EFD3049A39E0}.Debug|Any CPU.ActiveCfg = Debug|Any CPU
		{C6926D76-4600-4505-BF9A-EFD3049A39E0}.Debug|Any CPU.Build.0 = Debug|Any CPU
		{C6926D76-4600-4505-BF9A-EFD3049A39E0}.Release|Any CPU.ActiveCfg = Release|Any CPU
		{C6926D76-4600-4505-BF9A-EFD3049A39E0}.Release|Any CPU.Build.0 = Release|Any CPU
	EndGlobalSection
	GlobalSection(SolutionProperties) = preSolution
		HideSolutionNode = FALSE
	EndGlobalSection
	GlobalSection(NestedProjects) = preSolution
		{449AA781-A663-4980-A48F-E5DC6745539C} = {5F937259-435E-4F79-9845-1B4A8A3C1D1A}
		{EE71941B-9D16-4605-92F3-BF372F1E85BD} = {5F937259-435E-4F79-9845-1B4A8A3C1D1A}
		{C561FA87-85A4-475E-AB08-9BFDAAB8FF2F} = {5F937259-435E-4F79-9845-1B4A8A3C1D1A}
	EndGlobalSection
	GlobalSection(ExtensibilityGlobals) = postSolution
		SolutionGuid = {2931D0AB-DEF7-4180-95F8-A91D09669DD2}
	EndGlobalSection
EndGlobal
