
Microsoft Visual Studio Solution File, Format Version 12.00
# Visual Studio Version 17
VisualStudioVersion = 17.5.33424.131
MinimumVisualStudioVersion = 10.0.40219.1
Project("{FAE04EC0-301F-11D3-BF4B-00C04F79EFBC}") = "TPW_MB_JH", "TPW_MB_JH\TPW_MB_JH.csproj", "{B14F6F37-A56C-421E-8E7E-F80AA1C92C30}"
EndProject
Global
	GlobalSection(SolutionConfigurationPlatforms) = preSolution
		Debug|Any CPU = Debug|Any CPU
		Release|Any CPU = Release|Any CPU
	EndGlobalSection
	GlobalSection(ProjectConfigurationPlatforms) = postSolution
		{B14F6F37-A56C-421E-8E7E-F80AA1C92C30}.Debug|Any CPU.ActiveCfg = Debug|Any CPU
		{B14F6F37-A56C-421E-8E7E-F80AA1C92C30}.Debug|Any CPU.Build.0 = Debug|Any CPU
		{B14F6F37-A56C-421E-8E7E-F80AA1C92C30}.Release|Any CPU.ActiveCfg = Release|Any CPU
		{B14F6F37-A56C-421E-8E7E-F80AA1C92C30}.Release|Any CPU.Build.0 = Release|Any CPU
	EndGlobalSection
	GlobalSection(SolutionProperties) = preSolution
		HideSolutionNode = FALSE
	EndGlobalSection
	GlobalSection(ExtensibilityGlobals) = postSolution
		SolutionGuid = {E8D177D1-BEF1-4C8F-9439-6D8D8FF7D2C9}
	EndGlobalSection
EndGlobal
